// !$*UTF8*$!
{
	archiveVersion = 1;
	classes = {
	};
	objectVersion = 50;
	objects = {

/* Begin PBXBuildFile section */
		533ECF082379F3AF0083C797 /* AppDelegate.swift in Sources */ = {isa = PBXBuildFile; fileRef = 533ECF072379F3AF0083C797 /* AppDelegate.swift */; };
		533ECF0A2379F3AF0083C797 /* SceneDelegate.swift in Sources */ = {isa = PBXBuildFile; fileRef = 533ECF092379F3AF0083C797 /* SceneDelegate.swift */; };
		533ECF0D2379F3AF0083C797 /* Ticket_Barrell_Swift.xcdatamodeld in Sources */ = {isa = PBXBuildFile; fileRef = 533ECF0B2379F3AF0083C797 /* Ticket_Barrell_Swift.xcdatamodeld */; };
		533ECF0F2379F3AF0083C797 /* ContentView.swift in Sources */ = {isa = PBXBuildFile; fileRef = 533ECF0E2379F3AF0083C797 /* ContentView.swift */; };
		533ECF112379F3B20083C797 /* Assets.xcassets in Resources */ = {isa = PBXBuildFile; fileRef = 533ECF102379F3B20083C797 /* Assets.xcassets */; };
		533ECF142379F3B20083C797 /* Preview Assets.xcassets in Resources */ = {isa = PBXBuildFile; fileRef = 533ECF132379F3B20083C797 /* Preview Assets.xcassets */; };
		533ECF172379F3B20083C797 /* LaunchScreen.storyboard in Resources */ = {isa = PBXBuildFile; fileRef = 533ECF152379F3B20083C797 /* LaunchScreen.storyboard */; };
		533ECF222379F3B20083C797 /* Ticket_Barrell_SwiftTests.swift in Sources */ = {isa = PBXBuildFile; fileRef = 533ECF212379F3B20083C797 /* Ticket_Barrell_SwiftTests.swift */; };
		533ECF2D2379F3B20083C797 /* Ticket_Barrell_SwiftUITests.swift in Sources */ = {isa = PBXBuildFile; fileRef = 533ECF2C2379F3B20083C797 /* Ticket_Barrell_SwiftUITests.swift */; };
/* End PBXBuildFile section */

/* Begin PBXContainerItemProxy section */
		533ECF1E2379F3B20083C797 /* PBXContainerItemProxy */ = {
			isa = PBXContainerItemProxy;
			containerPortal = 533ECEFC2379F3AF0083C797 /* Project object */;
			proxyType = 1;
			remoteGlobalIDString = 533ECF032379F3AF0083C797;
			remoteInfo = "Ticket-Barrell-Swift";
		};
		533ECF292379F3B20083C797 /* PBXContainerItemProxy */ = {
			isa = PBXContainerItemProxy;
			containerPortal = 533ECEFC2379F3AF0083C797 /* Project object */;
			proxyType = 1;
			remoteGlobalIDString = 533ECF032379F3AF0083C797;
			remoteInfo = "Ticket-Barrell-Swift";
		};
/* End PBXContainerItemProxy section */

/* Begin PBXFileReference section */
		533ECF042379F3AF0083C797 /* Ticket-Barrell-Swift.app */ = {isa = PBXFileReference; explicitFileType = wrapper.application; includeInIndex = 0; path = "Ticket-Barrell-Swift.app"; sourceTree = BUILT_PRODUCTS_DIR; };
		533ECF072379F3AF0083C797 /* AppDelegate.swift */ = {isa = PBXFileReference; lastKnownFileType = sourcecode.swift; path = AppDelegate.swift; sourceTree = "<group>"; };
		533ECF092379F3AF0083C797 /* SceneDelegate.swift */ = {isa = PBXFileReference; lastKnownFileType = sourcecode.swift; path = SceneDelegate.swift; sourceTree = "<group>"; };
		533ECF0C2379F3AF0083C797 /* Ticket_Barrell_Swift.xcdatamodel */ = {isa = PBXFileReference; lastKnownFileType = wrapper.xcdatamodel; path = Ticket_Barrell_Swift.xcdatamodel; sourceTree = "<group>"; };
		533ECF0E2379F3AF0083C797 /* ContentView.swift */ = {isa = PBXFileReference; lastKnownFileType = sourcecode.swift; path = ContentView.swift; sourceTree = "<group>"; };
		533ECF102379F3B20083C797 /* Assets.xcassets */ = {isa = PBXFileReference; lastKnownFileType = folder.assetcatalog; path = Assets.xcassets; sourceTree = "<group>"; };
		533ECF132379F3B20083C797 /* Preview Assets.xcassets */ = {isa = PBXFileReference; lastKnownFileType = folder.assetcatalog; path = "Preview Assets.xcassets"; sourceTree = "<group>"; };
		533ECF162379F3B20083C797 /* Base */ = {isa = PBXFileReference; lastKnownFileType = file.storyboard; name = Base; path = Base.lproj/LaunchScreen.storyboard; sourceTree = "<group>"; };
		533ECF182379F3B20083C797 /* Info.plist */ = {isa = PBXFileReference; lastKnownFileType = text.plist.xml; path = Info.plist; sourceTree = "<group>"; };
		533ECF1D2379F3B20083C797 /* Ticket-Barrell-SwiftTests.xctest */ = {isa = PBXFileReference; explicitFileType = wrapper.cfbundle; includeInIndex = 0; path = "Ticket-Barrell-SwiftTests.xctest"; sourceTree = BUILT_PRODUCTS_DIR; };
		533ECF212379F3B20083C797 /* Ticket_Barrell_SwiftTests.swift */ = {isa = PBXFileReference; lastKnownFileType = sourcecode.swift; path = Ticket_Barrell_SwiftTests.swift; sourceTree = "<group>"; };
		533ECF232379F3B20083C797 /* Info.plist */ = {isa = PBXFileReference; lastKnownFileType = text.plist.xml; path = Info.plist; sourceTree = "<group>"; };
		533ECF282379F3B20083C797 /* Ticket-Barrell-SwiftUITests.xctest */ = {isa = PBXFileReference; explicitFileType = wrapper.cfbundle; includeInIndex = 0; path = "Ticket-Barrell-SwiftUITests.xctest"; sourceTree = BUILT_PRODUCTS_DIR; };
		533ECF2C2379F3B20083C797 /* Ticket_Barrell_SwiftUITests.swift */ = {isa = PBXFileReference; lastKnownFileType = sourcecode.swift; path = Ticket_Barrell_SwiftUITests.swift; sourceTree = "<group>"; };
		533ECF2E2379F3B20083C797 /* Info.plist */ = {isa = PBXFileReference; lastKnownFileType = text.plist.xml; path = Info.plist; sourceTree = "<group>"; };
/* End PBXFileReference section */

/* Begin PBXFrameworksBuildPhase section */
		533ECF012379F3AF0083C797 /* Frameworks */ = {
			isa = PBXFrameworksBuildPhase;
			buildActionMask = 2147483647;
			files = (
			);
			runOnlyForDeploymentPostprocessing = 0;
		};
		533ECF1A2379F3B20083C797 /* Frameworks */ = {
			isa = PBXFrameworksBuildPhase;
			buildActionMask = 2147483647;
			files = (
			);
			runOnlyForDeploymentPostprocessing = 0;
		};
		533ECF252379F3B20083C797 /* Frameworks */ = {
			isa = PBXFrameworksBuildPhase;
			buildActionMask = 2147483647;
			files = (
			);
			runOnlyForDeploymentPostprocessing = 0;
		};
/* End PBXFrameworksBuildPhase section */

/* Begin PBXGroup section */
		533ECEFB2379F3AF0083C797 = {
			isa = PBXGroup;
			children = (
				533ECF062379F3AF0083C797 /* Ticket-Barrell-Swift */,
				533ECF202379F3B20083C797 /* Ticket-Barrell-SwiftTests */,
				533ECF2B2379F3B20083C797 /* Ticket-Barrell-SwiftUITests */,
				533ECF052379F3AF0083C797 /* Products */,
			);
			sourceTree = "<group>";
		};
		533ECF052379F3AF0083C797 /* Products */ = {
			isa = PBXGroup;
			children = (
				533ECF042379F3AF0083C797 /* Ticket-Barrell-Swift.app */,
				533ECF1D2379F3B20083C797 /* Ticket-Barrell-SwiftTests.xctest */,
				533ECF282379F3B20083C797 /* Ticket-Barrell-SwiftUITests.xctest */,
			);
			name = Products;
			sourceTree = "<group>";
		};
		533ECF062379F3AF0083C797 /* Ticket-Barrell-Swift */ = {
			isa = PBXGroup;
			children = (
				533ECF072379F3AF0083C797 /* AppDelegate.swift */,
				533ECF092379F3AF0083C797 /* SceneDelegate.swift */,
				533ECF0E2379F3AF0083C797 /* ContentView.swift */,
				533ECF102379F3B20083C797 /* Assets.xcassets */,
				533ECF152379F3B20083C797 /* LaunchScreen.storyboard */,
				533ECF182379F3B20083C797 /* Info.plist */,
				533ECF0B2379F3AF0083C797 /* Ticket_Barrell_Swift.xcdatamodeld */,
				533ECF122379F3B20083C797 /* Preview Content */,
			);
			path = "Ticket-Barrell-Swift";
			sourceTree = "<group>";
		};
		533ECF122379F3B20083C797 /* Preview Content */ = {
			isa = PBXGroup;
			children = (
				533ECF132379F3B20083C797 /* Preview Assets.xcassets */,
			);
			path = "Preview Content";
			sourceTree = "<group>";
		};
		533ECF202379F3B20083C797 /* Ticket-Barrell-SwiftTests */ = {
			isa = PBXGroup;
			children = (
				533ECF212379F3B20083C797 /* Ticket_Barrell_SwiftTests.swift */,
				533ECF232379F3B20083C797 /* Info.plist */,
			);
			path = "Ticket-Barrell-SwiftTests";
			sourceTree = "<group>";
		};
		533ECF2B2379F3B20083C797 /* Ticket-Barrell-SwiftUITests */ = {
			isa = PBXGroup;
			children = (
				533ECF2C2379F3B20083C797 /* Ticket_Barrell_SwiftUITests.swift */,
				533ECF2E2379F3B20083C797 /* Info.plist */,
			);
			path = "Ticket-Barrell-SwiftUITests";
			sourceTree = "<group>";
		};
/* End PBXGroup section */

/* Begin PBXNativeTarget section */
		533ECF032379F3AF0083C797 /* Ticket-Barrell-Swift */ = {
			isa = PBXNativeTarget;
			buildConfigurationList = 533ECF312379F3B20083C797 /* Build configuration list for PBXNativeTarget "Ticket-Barrell-Swift" */;
			buildPhases = (
				533ECF002379F3AF0083C797 /* Sources */,
				533ECF012379F3AF0083C797 /* Frameworks */,
				533ECF022379F3AF0083C797 /* Resources */,
			);
			buildRules = (
			);
			dependencies = (
			);
			name = "Ticket-Barrell-Swift";
			productName = "Ticket-Barrell-Swift";
			productReference = 533ECF042379F3AF0083C797 /* Ticket-Barrell-Swift.app */;
			productType = "com.apple.product-type.application";
		};
		533ECF1C2379F3B20083C797 /* Ticket-Barrell-SwiftTests */ = {
			isa = PBXNativeTarget;
			buildConfigurationList = 533ECF342379F3B20083C797 /* Build configuration list for PBXNativeTarget "Ticket-Barrell-SwiftTests" */;
			buildPhases = (
				533ECF192379F3B20083C797 /* Sources */,
				533ECF1A2379F3B20083C797 /* Frameworks */,
				533ECF1B2379F3B20083C797 /* Resources */,
			);
			buildRules = (
			);
			dependencies = (
				533ECF1F2379F3B20083C797 /* PBXTargetDependency */,
			);
			name = "Ticket-Barrell-SwiftTests";
			productName = "Ticket-Barrell-SwiftTests";
			productReference = 533ECF1D2379F3B20083C797 /* Ticket-Barrell-SwiftTests.xctest */;
			productType = "com.apple.product-type.bundle.unit-test";
		};
		533ECF272379F3B20083C797 /* Ticket-Barrell-SwiftUITests */ = {
			isa = PBXNativeTarget;
			buildConfigurationList = 533ECF372379F3B20083C797 /* Build configuration list for PBXNativeTarget "Ticket-Barrell-SwiftUITests" */;
			buildPhases = (
				533ECF242379F3B20083C797 /* Sources */,
				533ECF252379F3B20083C797 /* Frameworks */,
				533ECF262379F3B20083C797 /* Resources */,
			);
			buildRules = (
			);
			dependencies = (
				533ECF2A2379F3B20083C797 /* PBXTargetDependency */,
			);
			name = "Ticket-Barrell-SwiftUITests";
			productName = "Ticket-Barrell-SwiftUITests";
			productReference = 533ECF282379F3B20083C797 /* Ticket-Barrell-SwiftUITests.xctest */;
			productType = "com.apple.product-type.bundle.ui-testing";
		};
/* End PBXNativeTarget section */

/* Begin PBXProject section */
		533ECEFC2379F3AF0083C797 /* Project object */ = {
			isa = PBXProject;
			attributes = {
				LastSwiftUpdateCheck = 1120;
				LastUpgradeCheck = 1120;
				ORGANIZATIONNAME = "Michael Martin";
				TargetAttributes = {
					533ECF032379F3AF0083C797 = {
						CreatedOnToolsVersion = 11.2;
					};
					533ECF1C2379F3B20083C797 = {
						CreatedOnToolsVersion = 11.2;
						TestTargetID = 533ECF032379F3AF0083C797;
					};
					533ECF272379F3B20083C797 = {
						CreatedOnToolsVersion = 11.2;
						TestTargetID = 533ECF032379F3AF0083C797;
					};
				};
			};
			buildConfigurationList = 533ECEFF2379F3AF0083C797 /* Build configuration list for PBXProject "Ticket-Barrell-Swift" */;
			compatibilityVersion = "Xcode 9.3";
			developmentRegion = en;
			hasScannedForEncodings = 0;
			knownRegions = (
				en,
				Base,
			);
			mainGroup = 533ECEFB2379F3AF0083C797;
			productRefGroup = 533ECF052379F3AF0083C797 /* Products */;
			projectDirPath = "";
			projectRoot = "";
			targets = (
				533ECF032379F3AF0083C797 /* Ticket-Barrell-Swift */,
				533ECF1C2379F3B20083C797 /* Ticket-Barrell-SwiftTests */,
				533ECF272379F3B20083C797 /* Ticket-Barrell-SwiftUITests */,
			);
		};
/* End PBXProject section */

/* Begin PBXResourcesBuildPhase section */
		533ECF022379F3AF0083C797 /* Resources */ = {
			isa = PBXResourcesBuildPhase;
			buildActionMask = 2147483647;
			files = (
				533ECF172379F3B20083C797 /* LaunchScreen.storyboard in Resources */,
				533ECF142379F3B20083C797 /* Preview Assets.xcassets in Resources */,
				533ECF112379F3B20083C797 /* Assets.xcassets in Resources */,
			);
			runOnlyForDeploymentPostprocessing = 0;
		};
		533ECF1B2379F3B20083C797 /* Resources */ = {
			isa = PBXResourcesBuildPhase;
			buildActionMask = 2147483647;
			files = (
			);
			runOnlyForDeploymentPostprocessing = 0;
		};
		533ECF262379F3B20083C797 /* Resources */ = {
			isa = PBXResourcesBuildPhase;
			buildActionMask = 2147483647;
			files = (
			);
			runOnlyForDeploymentPostprocessing = 0;
		};
/* End PBXResourcesBuildPhase section */

/* Begin PBXSourcesBuildPhase section */
		533ECF002379F3AF0083C797 /* Sources */ = {
			isa = PBXSourcesBuildPhase;
			buildActionMask = 2147483647;
			files = (
				533ECF0D2379F3AF0083C797 /* Ticket_Barrell_Swift.xcdatamodeld in Sources */,
				533ECF082379F3AF0083C797 /* AppDelegate.swift in Sources */,
				533ECF0F2379F3AF0083C797 /* ContentView.swift in Sources */,
				533ECF0A2379F3AF0083C797 /* SceneDelegate.swift in Sources */,
			);
			runOnlyForDeploymentPostprocessing = 0;
		};
		533ECF192379F3B20083C797 /* Sources */ = {
			isa = PBXSourcesBuildPhase;
			buildActionMask = 2147483647;
			files = (
				533ECF222379F3B20083C797 /* Ticket_Barrell_SwiftTests.swift in Sources */,
			);
			runOnlyForDeploymentPostprocessing = 0;
		};
		533ECF242379F3B20083C797 /* Sources */ = {
			isa = PBXSourcesBuildPhase;
			buildActionMask = 2147483647;
			files = (
				533ECF2D2379F3B20083C797 /* Ticket_Barrell_SwiftUITests.swift in Sources */,
			);
			runOnlyForDeploymentPostprocessing = 0;
		};
/* End PBXSourcesBuildPhase section */

/* Begin PBXTargetDependency section */
		533ECF1F2379F3B20083C797 /* PBXTargetDependency */ = {
			isa = PBXTargetDependency;
			target = 533ECF032379F3AF0083C797 /* Ticket-Barrell-Swift */;
			targetProxy = 533ECF1E2379F3B20083C797 /* PBXContainerItemProxy */;
		};
		533ECF2A2379F3B20083C797 /* PBXTargetDependency */ = {
			isa = PBXTargetDependency;
			target = 533ECF032379F3AF0083C797 /* Ticket-Barrell-Swift */;
			targetProxy = 533ECF292379F3B20083C797 /* PBXContainerItemProxy */;
		};
/* End PBXTargetDependency section */

/* Begin PBXVariantGroup section */
		533ECF152379F3B20083C797 /* LaunchScreen.storyboard */ = {
			isa = PBXVariantGroup;
			children = (
				533ECF162379F3B20083C797 /* Base */,
			);
			name = LaunchScreen.storyboard;
			sourceTree = "<group>";
		};
/* End PBXVariantGroup section */

/* Begin XCBuildConfiguration section */
		533ECF2F2379F3B20083C797 /* Debug */ = {
			isa = XCBuildConfiguration;
			buildSettings = {
				ALWAYS_SEARCH_USER_PATHS = NO;
				CLANG_ANALYZER_NONNULL = YES;
				CLANG_ANALYZER_NUMBER_OBJECT_CONVERSION = YES_AGGRESSIVE;
				CLANG_CXX_LANGUAGE_STANDARD = "gnu++14";
				CLANG_CXX_LIBRARY = "libc++";
				CLANG_ENABLE_MODULES = YES;
				CLANG_ENABLE_OBJC_ARC = YES;
				CLANG_ENABLE_OBJC_WEAK = YES;
				CLANG_WARN_BLOCK_CAPTURE_AUTORELEASING = YES;
				CLANG_WARN_BOOL_CONVERSION = YES;
				CLANG_WARN_COMMA = YES;
				CLANG_WARN_CONSTANT_CONVERSION = YES;
				CLANG_WARN_DEPRECATED_OBJC_IMPLEMENTATIONS = YES;
				CLANG_WARN_DIRECT_OBJC_ISA_USAGE = YES_ERROR;
				CLANG_WARN_DOCUMENTATION_COMMENTS = YES;
				CLANG_WARN_EMPTY_BODY = YES;
				CLANG_WARN_ENUM_CONVERSION = YES;
				CLANG_WARN_INFINITE_RECURSION = YES;
				CLANG_WARN_INT_CONVERSION = YES;
				CLANG_WARN_NON_LITERAL_NULL_CONVERSION = YES;
				CLANG_WARN_OBJC_IMPLICIT_RETAIN_SELF = YES;
				CLANG_WARN_OBJC_LITERAL_CONVERSION = YES;
				CLANG_WARN_OBJC_ROOT_CLASS = YES_ERROR;
				CLANG_WARN_RANGE_LOOP_ANALYSIS = YES;
				CLANG_WARN_STRICT_PROTOTYPES = YES;
				CLANG_WARN_SUSPICIOUS_MOVE = YES;
				CLANG_WARN_UNGUARDED_AVAILABILITY = YES_AGGRESSIVE;
				CLANG_WARN_UNREACHABLE_CODE = YES;
				CLANG_WARN__DUPLICATE_METHOD_MATCH = YES;
				COPY_PHASE_STRIP = NO;
				DEBUG_INFORMATION_FORMAT = dwarf;
				ENABLE_STRICT_OBJC_MSGSEND = YES;
				ENABLE_TESTABILITY = YES;
				GCC_C_LANGUAGE_STANDARD = gnu11;
				GCC_DYNAMIC_NO_PIC = NO;
				GCC_NO_COMMON_BLOCKS = YES;
				GCC_OPTIMIZATION_LEVEL = 0;
				GCC_PREPROCESSOR_DEFINITIONS = (
					"DEBUG=1",
					"$(inherited)",
				);
				GCC_WARN_64_TO_32_BIT_CONVERSION = YES;
				GCC_WARN_ABOUT_RETURN_TYPE = YES_ERROR;
				GCC_WARN_UNDECLARED_SELECTOR = YES;
				GCC_WARN_UNINITIALIZED_AUTOS = YES_AGGRESSIVE;
				GCC_WARN_UNUSED_FUNCTION = YES;
				GCC_WARN_UNUSED_VARIABLE = YES;
				IPHONEOS_DEPLOYMENT_TARGET = 13.2;
				MTL_ENABLE_DEBUG_INFO = INCLUDE_SOURCE;
				MTL_FAST_MATH = YES;
				ONLY_ACTIVE_ARCH = YES;
				SDKROOT = iphoneos;
				SWIFT_ACTIVE_COMPILATION_CONDITIONS = DEBUG;
				SWIFT_OPTIMIZATION_LEVEL = "-Onone";
			};
			name = Debug;
		};
		533ECF302379F3B20083C797 /* Release */ = {
			isa = XCBuildConfiguration;
			buildSettings = {
				ALWAYS_SEARCH_USER_PATHS = NO;
				CLANG_ANALYZER_NONNULL = YES;
				CLANG_ANALYZER_NUMBER_OBJECT_CONVERSION = YES_AGGRESSIVE;
				CLANG_CXX_LANGUAGE_STANDARD = "gnu++14";
				CLANG_CXX_LIBRARY = "libc++";
				CLANG_ENABLE_MODULES = YES;
				CLANG_ENABLE_OBJC_ARC = YES;
				CLANG_ENABLE_OBJC_WEAK = YES;
				CLANG_WARN_BLOCK_CAPTURE_AUTORELEASING = YES;
				CLANG_WARN_BOOL_CONVERSION = YES;
				CLANG_WARN_COMMA = YES;
				CLANG_WARN_CONSTANT_CONVERSION = YES;
				CLANG_WARN_DEPRECATED_OBJC_IMPLEMENTATIONS = YES;
				CLANG_WARN_DIRECT_OBJC_ISA_USAGE = YES_ERROR;
				CLANG_WARN_DOCUMENTATION_COMMENTS = YES;
				CLANG_WARN_EMPTY_BODY = YES;
				CLANG_WARN_ENUM_CONVERSION = YES;
				CLANG_WARN_INFINITE_RECURSION = YES;
				CLANG_WARN_INT_CONVERSION = YES;
				CLANG_WARN_NON_LITERAL_NULL_CONVERSION = YES;
				CLANG_WARN_OBJC_IMPLICIT_RETAIN_SELF = YES;
				CLANG_WARN_OBJC_LITERAL_CONVERSION = YES;
				CLANG_WARN_OBJC_ROOT_CLASS = YES_ERROR;
				CLANG_WARN_RANGE_LOOP_ANALYSIS = YES;
				CLANG_WARN_STRICT_PROTOTYPES = YES;
				CLANG_WARN_SUSPICIOUS_MOVE = YES;
				CLANG_WARN_UNGUARDED_AVAILABILITY = YES_AGGRESSIVE;
				CLANG_WARN_UNREACHABLE_CODE = YES;
				CLANG_WARN__DUPLICATE_METHOD_MATCH = YES;
				COPY_PHASE_STRIP = NO;
				DEBUG_INFORMATION_FORMAT = "dwarf-with-dsym";
				ENABLE_NS_ASSERTIONS = NO;
				ENABLE_STRICT_OBJC_MSGSEND = YES;
				GCC_C_LANGUAGE_STANDARD = gnu11;
				GCC_NO_COMMON_BLOCKS = YES;
				GCC_WARN_64_TO_32_BIT_CONVERSION = YES;
				GCC_WARN_ABOUT_RETURN_TYPE = YES_ERROR;
				GCC_WARN_UNDECLARED_SELECTOR = YES;
				GCC_WARN_UNINITIALIZED_AUTOS = YES_AGGRESSIVE;
				GCC_WARN_UNUSED_FUNCTION = YES;
				GCC_WARN_UNUSED_VARIABLE = YES;
				IPHONEOS_DEPLOYMENT_TARGET = 13.2;
				MTL_ENABLE_DEBUG_INFO = NO;
				MTL_FAST_MATH = YES;
				SDKROOT = iphoneos;
				SWIFT_COMPILATION_MODE = wholemodule;
				SWIFT_OPTIMIZATION_LEVEL = "-O";
				VALIDATE_PRODUCT = YES;
			};
			name = Release;
		};
		533ECF322379F3B20083C797 /* Debug */ = {
			isa = XCBuildConfiguration;
			buildSettings = {
				ASSETCATALOG_COMPILER_APPICON_NAME = AppIcon;
				CODE_SIGN_STYLE = Automatic;
				DEVELOPMENT_ASSET_PATHS = "\"Ticket-Barrell-Swift/Preview Content\"";
				DEVELOPMENT_TEAM = 589M228843;
				ENABLE_PREVIEWS = YES;
				INFOPLIST_FILE = "Ticket-Barrell-Swift/Info.plist";
				LD_RUNPATH_SEARCH_PATHS = (
					"$(inherited)",
					"@executable_path/Frameworks",
				);
				PRODUCT_BUNDLE_IDENTIFIER = "com.mobilegrok.Ticket-Barrell-Swift";
				PRODUCT_NAME = "$(TARGET_NAME)";
				SWIFT_VERSION = 5.0;
				TARGETED_DEVICE_FAMILY = "1,2";
			};
			name = Debug;
		};
		533ECF332379F3B20083C797 /* Release */ = {
			isa = XCBuildConfiguration;
			buildSettings = {
				ASSETCATALOG_COMPILER_APPICON_NAME = AppIcon;
				CODE_SIGN_STYLE = Automatic;
				DEVELOPMENT_ASSET_PATHS = "\"Ticket-Barrell-Swift/Preview Content\"";
				DEVELOPMENT_TEAM = 589M228843;
				ENABLE_PREVIEWS = YES;
				INFOPLIST_FILE = "Ticket-Barrell-Swift/Info.plist";
				LD_RUNPATH_SEARCH_PATHS = (
					"$(inherited)",
					"@executable_path/Frameworks",
				);
				PRODUCT_BUNDLE_IDENTIFIER = "com.mobilegrok.Ticket-Barrell-Swift";
				PRODUCT_NAME = "$(TARGET_NAME)";
				SWIFT_VERSION = 5.0;
				TARGETED_DEVICE_FAMILY = "1,2";
			};
			name = Release;
		};
		533ECF352379F3B20083C797 /* Debug */ = {
			isa = XCBuildConfiguration;
			buildSettings = {
				ALWAYS_EMBED_SWIFT_STANDARD_LIBRARIES = YES;
				BUNDLE_LOADER = "$(TEST_HOST)";
				CODE_SIGN_STYLE = Automatic;
				DEVELOPMENT_TEAM = 589M228843;
				INFOPLIST_FILE = "Ticket-Barrell-SwiftTests/Info.plist";
				IPHONEOS_DEPLOYMENT_TARGET = 13.2;
				LD_RUNPATH_SEARCH_PATHS = (
					"$(inherited)",
					"@executable_path/Frameworks",
					"@loader_path/Frameworks",
				);
				PRODUCT_BUNDLE_IDENTIFIER = "com.mobilegrok.Ticket-Barrell-SwiftTests";
				PRODUCT_NAME = "$(TARGET_NAME)";
				SWIFT_VERSION = 5.0;
				TARGETED_DEVICE_FAMILY = "1,2";
				TEST_HOST = "$(BUILT_PRODUCTS_DIR)/Ticket-Barrell-Swift.app/Ticket-Barrell-Swift";
			};
			name = Debug;
		};
		533ECF362379F3B20083C797 /* Release */ = {
			isa = XCBuildConfiguration;
			buildSettings = {
				ALWAYS_EMBED_SWIFT_STANDARD_LIBRARIES = YES;
				BUNDLE_LOADER = "$(TEST_HOST)";
				CODE_SIGN_STYLE = Automatic;
				DEVELOPMENT_TEAM = 589M228843;
				INFOPLIST_FILE = "Ticket-Barrell-SwiftTests/Info.plist";
				IPHONEOS_DEPLOYMENT_TARGET = 13.2;
				LD_RUNPATH_SEARCH_PATHS = (
					"$(inherited)",
					"@executable_path/Frameworks",
					"@loader_path/Frameworks",
				);
				PRODUCT_BUNDLE_IDENTIFIER = "com.mobilegrok.Ticket-Barrell-SwiftTests";
				PRODUCT_NAME = "$(TARGET_NAME)";
				SWIFT_VERSION = 5.0;
				TARGETED_DEVICE_FAMILY = "1,2";
				TEST_HOST = "$(BUILT_PRODUCTS_DIR)/Ticket-Barrell-Swift.app/Ticket-Barrell-Swift";
			};
			name = Release;
		};
		533ECF382379F3B20083C797 /* Debug */ = {
			isa = XCBuildConfiguration;
			buildSettings = {
				ALWAYS_EMBED_SWIFT_STANDARD_LIBRARIES = YES;
				CODE_SIGN_STYLE = Automatic;
				DEVELOPMENT_TEAM = 589M228843;
				INFOPLIST_FILE = "Ticket-Barrell-SwiftUITests/Info.plist";
				LD_RUNPATH_SEARCH_PATHS = (
					"$(inherited)",
					"@executable_path/Frameworks",
					"@loader_path/Frameworks",
				);
				PRODUCT_BUNDLE_IDENTIFIER = "com.mobilegrok.Ticket-Barrell-SwiftUITests";
				PRODUCT_NAME = "$(TARGET_NAME)";
				SWIFT_VERSION = 5.0;
				TARGETED_DEVICE_FAMILY = "1,2";
				TEST_TARGET_NAME = "Ticket-Barrell-Swift";
			};
			name = Debug;
		};
		533ECF392379F3B20083C797 /* Release */ = {
			isa = XCBuildConfiguration;
			buildSettings = {
				ALWAYS_EMBED_SWIFT_STANDARD_LIBRARIES = YES;
				CODE_SIGN_STYLE = Automatic;
				DEVELOPMENT_TEAM = 589M228843;
				INFOPLIST_FILE = "Ticket-Barrell-SwiftUITests/Info.plist";
				LD_RUNPATH_SEARCH_PATHS = (
					"$(inherited)",
					"@executable_path/Frameworks",
					"@loader_path/Frameworks",
				);
				PRODUCT_BUNDLE_IDENTIFIER = "com.mobilegrok.Ticket-Barrell-SwiftUITests";
				PRODUCT_NAME = "$(TARGET_NAME)";
				SWIFT_VERSION = 5.0;
				TARGETED_DEVICE_FAMILY = "1,2";
				TEST_TARGET_NAME = "Ticket-Barrell-Swift";
			};
			name = Release;
		};
/* End XCBuildConfiguration section */

/* Begin XCConfigurationList section */
		533ECEFF2379F3AF0083C797 /* Build configuration list for PBXProject "Ticket-Barrell-Swift" */ = {
			isa = XCConfigurationList;
			buildConfigurations = (
				533ECF2F2379F3B20083C797 /* Debug */,
				533ECF302379F3B20083C797 /* Release */,
			);
			defaultConfigurationIsVisible = 0;
			defaultConfigurationName = Release;
		};
		533ECF312379F3B20083C797 /* Build configuration list for PBXNativeTarget "Ticket-Barrell-Swift" */ = {
			isa = XCConfigurationList;
			buildConfigurations = (
				533ECF322379F3B20083C797 /* Debug */,
				533ECF332379F3B20083C797 /* Release */,
			);
			defaultConfigurationIsVisible = 0;
			defaultConfigurationName = Release;
		};
		533ECF342379F3B20083C797 /* Build configuration list for PBXNativeTarget "Ticket-Barrell-SwiftTests" */ = {
			isa = XCConfigurationList;
			buildConfigurations = (
				533ECF352379F3B20083C797 /* Debug */,
				533ECF362379F3B20083C797 /* Release */,
			);
			defaultConfigurationIsVisible = 0;
			defaultConfigurationName = Release;
		};
		533ECF372379F3B20083C797 /* Build configuration list for PBXNativeTarget "Ticket-Barrell-SwiftUITests" */ = {
			isa = XCConfigurationList;
			buildConfigurations = (
				533ECF382379F3B20083C797 /* Debug */,
				533ECF392379F3B20083C797 /* Release */,
			);
			defaultConfigurationIsVisible = 0;
			defaultConfigurationName = Release;
		};
/* End XCConfigurationList section */

/* Begin XCVersionGroup section */
		533ECF0B2379F3AF0083C797 /* Ticket_Barrell_Swift.xcdatamodeld */ = {
			isa = XCVersionGroup;
			children = (
				533ECF0C2379F3AF0083C797 /* Ticket_Barrell_Swift.xcdatamodel */,
			);
			currentVersion = 533ECF0C2379F3AF0083C797 /* Ticket_Barrell_Swift.xcdatamodel */;
			path = Ticket_Barrell_Swift.xcdatamodeld;
			sourceTree = "<group>";
			versionGroupType = wrapper.xcdatamodel;
		};
/* End XCVersionGroup section */
	};
	rootObject = 533ECEFC2379F3AF0083C797 /* Project object */;
}
